
Microsoft Visual Studio Solution File, Format Version 12.00
# Visual Studio 2012
Project("{FAE04EC0-301F-11D3-BF4B-00C04F79EFBC}") = "Comp2614Assignment4", "Comp2614Assignment4\Comp2614Assignment4.csproj", "{1593C81B-9D47-4487-88A4-BBE96A25BD8E}"
EndProject
Project("{FAE04EC0-301F-11D3-BF4B-00C04F79EFBC}") = "BankMachine", "BankMachine\BankMachine.csproj", "{12CDA43E-94DE-4686-88C9-A14DD34623C6}"
EndProject
Global
	GlobalSection(SolutionConfigurationPlatforms) = preSolution
		Debug|Any CPU = Debug|Any CPU
		Release|Any CPU = Release|Any CPU
	EndGlobalSection
	GlobalSection(ProjectConfigurationPlatforms) = postSolution
		{1593C81B-9D47-4487-88A4-BBE96A25BD8E}.Debug|Any CPU.ActiveCfg = Debug|Any CPU
		{1593C81B-9D47-4487-88A4-BBE96A25BD8E}.Debug|Any CPU.Build.0 = Debug|Any CPU
		{1593C81B-9D47-4487-88A4-BBE96A25BD8E}.Release|Any CPU.ActiveCfg = Release|Any CPU
		{1593C81B-9D47-4487-88A4-BBE96A25BD8E}.Release|Any CPU.Build.0 = Release|Any CPU
		{12CDA43E-94DE-4686-88C9-A14DD34623C6}.Debug|Any CPU.ActiveCfg = Debug|Any CPU
		{12CDA43E-94DE-4686-88C9-A14DD34623C6}.Debug|Any CPU.Build.0 = Debug|Any CPU
		{12CDA43E-94DE-4686-88C9-A14DD34623C6}.Release|Any CPU.ActiveCfg = Release|Any CPU
		{12CDA43E-94DE-4686-88C9-A14DD34623C6}.Release|Any CPU.Build.0 = Release|Any CPU
	EndGlobalSection
	GlobalSection(SolutionProperties) = preSolution
		HideSolutionNode = FALSE
	EndGlobalSection
EndGlobal
